
Microsoft Visual Studio Solution File, Format Version 12.00
# Visual Studio Version 16
VisualStudioVersion = 16.0.30320.27
MinimumVisualStudioVersion = 10.0.40219.1
Project("{2150E333-8FDC-42A3-9474-1A3956D46DE8}") = "XamarinMediaManager", "XamarinMediaManager", "{E97C9141-D228-47CB-8BF7-C7C316FCFC7A}"
EndProject
Project("{9A19103F-16F7-4668-BE54-9A1E7A4F7556}") = "MediaManager", "MediaManager\MediaManager.csproj", "{4CF44E62-B98D-4BBA-92CF-D81E8C38A511}"
EndProject
Project("{FAE04EC0-301F-11D3-BF4B-00C04F79EFBC}") = "MediaManager.Android", "MediaManager.Android\MediaManager.Android.csproj", "{99EFC5C8-7CD5-421E-B6A2-92EFC45037FF}"
EndProject
Global
	GlobalSection(SolutionConfigurationPlatforms) = preSolution
		Debug|Any CPU = Debug|Any CPU
		Release|Any CPU = Release|Any CPU
	EndGlobalSection
	GlobalSection(ProjectConfigurationPlatforms) = postSolution
		{4CF44E62-B98D-4BBA-92CF-D81E8C38A511}.Debug|Any CPU.ActiveCfg = Debug|Any CPU
		{4CF44E62-B98D-4BBA-92CF-D81E8C38A511}.Debug|Any CPU.Build.0 = Debug|Any CPU
		{4CF44E62-B98D-4BBA-92CF-D81E8C38A511}.Release|Any CPU.ActiveCfg = Release|Any CPU
		{4CF44E62-B98D-4BBA-92CF-D81E8C38A511}.Release|Any CPU.Build.0 = Release|Any CPU
		{99EFC5C8-7CD5-421E-B6A2-92EFC45037FF}.Debug|Any CPU.ActiveCfg = Debug|Any CPU
		{99EFC5C8-7CD5-421E-B6A2-92EFC45037FF}.Debug|Any CPU.Build.0 = Debug|Any CPU
		{99EFC5C8-7CD5-421E-B6A2-92EFC45037FF}.Release|Any CPU.ActiveCfg = Release|Any CPU
		{99EFC5C8-7CD5-421E-B6A2-92EFC45037FF}.Release|Any CPU.Build.0 = Release|Any CPU
	EndGlobalSection
	GlobalSection(SolutionProperties) = preSolution
		HideSolutionNode = FALSE
	EndGlobalSection
	GlobalSection(NestedProjects) = preSolution
		{4CF44E62-B98D-4BBA-92CF-D81E8C38A511} = {E97C9141-D228-47CB-8BF7-C7C316FCFC7A}
		{99EFC5C8-7CD5-421E-B6A2-92EFC45037FF} = {E97C9141-D228-47CB-8BF7-C7C316FCFC7A}
	EndGlobalSection
	GlobalSection(ExtensibilityGlobals) = postSolution
		SolutionGuid = {21D47759-F221-4272-8BFC-762221D2E896}
	EndGlobalSection
EndGlobal
